
Microsoft Visual Studio Solution File, Format Version 12.00
# Visual Studio 15
VisualStudioVersion = 15.0.28307.645
MinimumVisualStudioVersion = 10.0.40219.1
Project("{8BC9CEB8-8B4A-11D0-8D11-00A0C91BC942}") = "6_1_2", "6_1_2\6_1_2.vcxproj", "{B60EC67C-ADC2-427E-AD6B-D91361CBC89B}"
EndProject
Project("{8BC9CEB8-8B4A-11D0-8D11-00A0C91BC942}") = "6_1_2_tests", "6_1_2_tests\6_1_2_tests.vcxproj", "{6C57E6E3-0C29-43B9-97FE-3ACADABBC66B}"
EndProject
Global
	GlobalSection(SolutionConfigurationPlatforms) = preSolution
		Debug|x64 = Debug|x64
		Debug|x86 = Debug|x86
		Release|x64 = Release|x64
		Release|x86 = Release|x86
	EndGlobalSection
	GlobalSection(ProjectConfigurationPlatforms) = postSolution
		{B60EC67C-ADC2-427E-AD6B-D91361CBC89B}.Debug|x64.ActiveCfg = Debug|x64
		{B60EC67C-ADC2-427E-AD6B-D91361CBC89B}.Debug|x64.Build.0 = Debug|x64
		{B60EC67C-ADC2-427E-AD6B-D91361CBC89B}.Debug|x86.ActiveCfg = Debug|Win32
		{B60EC67C-ADC2-427E-AD6B-D91361CBC89B}.Debug|x86.Build.0 = Debug|Win32
		{B60EC67C-ADC2-427E-AD6B-D91361CBC89B}.Release|x64.ActiveCfg = Release|x64
		{B60EC67C-ADC2-427E-AD6B-D91361CBC89B}.Release|x64.Build.0 = Release|x64
		{B60EC67C-ADC2-427E-AD6B-D91361CBC89B}.Release|x86.ActiveCfg = Release|Win32
		{B60EC67C-ADC2-427E-AD6B-D91361CBC89B}.Release|x86.Build.0 = Release|Win32
		{6C57E6E3-0C29-43B9-97FE-3ACADABBC66B}.Debug|x64.ActiveCfg = Debug|x64
		{6C57E6E3-0C29-43B9-97FE-3ACADABBC66B}.Debug|x64.Build.0 = Debug|x64
		{6C57E6E3-0C29-43B9-97FE-3ACADABBC66B}.Debug|x86.ActiveCfg = Debug|Win32
		{6C57E6E3-0C29-43B9-97FE-3ACADABBC66B}.Debug|x86.Build.0 = Debug|Win32
		{6C57E6E3-0C29-43B9-97FE-3ACADABBC66B}.Release|x64.ActiveCfg = Release|x64
		{6C57E6E3-0C29-43B9-97FE-3ACADABBC66B}.Release|x64.Build.0 = Release|x64
		{6C57E6E3-0C29-43B9-97FE-3ACADABBC66B}.Release|x86.ActiveCfg = Release|Win32
		{6C57E6E3-0C29-43B9-97FE-3ACADABBC66B}.Release|x86.Build.0 = Release|Win32
	EndGlobalSection
	GlobalSection(SolutionProperties) = preSolution
		HideSolutionNode = FALSE
	EndGlobalSection
	GlobalSection(ExtensibilityGlobals) = postSolution
		SolutionGuid = {2E9DE7DA-FAB2-4D33-96F9-81A2E4D46E5D}
	EndGlobalSection
EndGlobal
