
Microsoft Visual Studio Solution File, Format Version 12.00
# Visual Studio 15
VisualStudioVersion = 15.0.28307.645
MinimumVisualStudioVersion = 10.0.40219.1
Project("{8BC9CEB8-8B4A-11D0-8D11-00A0C91BC942}") = "6_1_4", "6_1_4.vcxproj", "{1D724FEB-29C0-4ED2-B98E-2290B5204374}"
EndProject
Global
	GlobalSection(SolutionConfigurationPlatforms) = preSolution
		Debug|x64 = Debug|x64
		Debug|x86 = Debug|x86
		Release|x64 = Release|x64
		Release|x86 = Release|x86
	EndGlobalSection
	GlobalSection(ProjectConfigurationPlatforms) = postSolution
		{1D724FEB-29C0-4ED2-B98E-2290B5204374}.Debug|x64.ActiveCfg = Debug|x64
		{1D724FEB-29C0-4ED2-B98E-2290B5204374}.Debug|x64.Build.0 = Debug|x64
		{1D724FEB-29C0-4ED2-B98E-2290B5204374}.Debug|x86.ActiveCfg = Debug|Win32
		{1D724FEB-29C0-4ED2-B98E-2290B5204374}.Debug|x86.Build.0 = Debug|Win32
		{1D724FEB-29C0-4ED2-B98E-2290B5204374}.Release|x64.ActiveCfg = Release|x64
		{1D724FEB-29C0-4ED2-B98E-2290B5204374}.Release|x64.Build.0 = Release|x64
		{1D724FEB-29C0-4ED2-B98E-2290B5204374}.Release|x86.ActiveCfg = Release|Win32
		{1D724FEB-29C0-4ED2-B98E-2290B5204374}.Release|x86.Build.0 = Release|Win32
	EndGlobalSection
	GlobalSection(SolutionProperties) = preSolution
		HideSolutionNode = FALSE
	EndGlobalSection
	GlobalSection(ExtensibilityGlobals) = postSolution
		SolutionGuid = {8436C08C-F0CB-476E-AC05-9C350E2DB909}
	EndGlobalSection
EndGlobal
