
Microsoft Visual Studio Solution File, Format Version 12.00
# Visual Studio 15
VisualStudioVersion = 15.0.28307.645
MinimumVisualStudioVersion = 10.0.40219.1
Project("{8BC9CEB8-8B4A-11D0-8D11-00A0C91BC942}") = "4_1_2", "4_1_2\4_1_2.vcxproj", "{24ACCCC9-A906-48E3-8F0B-AE4540E2EF19}"
EndProject
Global
	GlobalSection(SolutionConfigurationPlatforms) = preSolution
		Debug|x64 = Debug|x64
		Debug|x86 = Debug|x86
		Release|x64 = Release|x64
		Release|x86 = Release|x86
	EndGlobalSection
	GlobalSection(ProjectConfigurationPlatforms) = postSolution
		{24ACCCC9-A906-48E3-8F0B-AE4540E2EF19}.Debug|x64.ActiveCfg = Debug|x64
		{24ACCCC9-A906-48E3-8F0B-AE4540E2EF19}.Debug|x64.Build.0 = Debug|x64
		{24ACCCC9-A906-48E3-8F0B-AE4540E2EF19}.Debug|x86.ActiveCfg = Debug|Win32
		{24ACCCC9-A906-48E3-8F0B-AE4540E2EF19}.Debug|x86.Build.0 = Debug|Win32
		{24ACCCC9-A906-48E3-8F0B-AE4540E2EF19}.Release|x64.ActiveCfg = Release|x64
		{24ACCCC9-A906-48E3-8F0B-AE4540E2EF19}.Release|x64.Build.0 = Release|x64
		{24ACCCC9-A906-48E3-8F0B-AE4540E2EF19}.Release|x86.ActiveCfg = Release|Win32
		{24ACCCC9-A906-48E3-8F0B-AE4540E2EF19}.Release|x86.Build.0 = Release|Win32
	EndGlobalSection
	GlobalSection(SolutionProperties) = preSolution
		HideSolutionNode = FALSE
	EndGlobalSection
	GlobalSection(ExtensibilityGlobals) = postSolution
		SolutionGuid = {6D7540BE-6F04-4C3E-B6CA-EA4487793B6D}
	EndGlobalSection
EndGlobal
